// !$*UTF8*$!
{
	archiveVersion = 1;
	classes = {
	};
	objectVersion = 50;
	objects = {

/* Begin PBXBuildFile section */
		CD4F38732160EA4D005A7E59 /* zhifu.png in Resources */ = {isa = PBXBuildFile; fileRef = CD4F38722160EA4D005A7E59 /* zhifu.png */; };
		CD4F38762160ED94005A7E59 /* UploadHelper.m in Sources */ = {isa = PBXBuildFile; fileRef = CD4F38752160ED94005A7E59 /* UploadHelper.m */; };
		CD5036312149F686000A874F /* back4.jpg in Resources */ = {isa = PBXBuildFile; fileRef = CD50362C2149F686000A874F /* back4.jpg */; };
		CD5036322149F686000A874F /* back2.jpg in Resources */ = {isa = PBXBuildFile; fileRef = CD50362D2149F686000A874F /* back2.jpg */; };
		CD5036332149F686000A874F /* back3.jpg in Resources */ = {isa = PBXBuildFile; fileRef = CD50362E2149F686000A874F /* back3.jpg */; };
		CD5036342149F686000A874F /* back1.jpg in Resources */ = {isa = PBXBuildFile; fileRef = CD50362F2149F686000A874F /* back1.jpg */; };
		CD5036352149F686000A874F /* back5.jpg in Resources */ = {isa = PBXBuildFile; fileRef = CD5036302149F686000A874F /* back5.jpg */; };
		CD50363B2149F79E000A874F /* bk_1.jpg in Resources */ = {isa = PBXBuildFile; fileRef = CD5036362149F79D000A874F /* bk_1.jpg */; };
		CD50363C2149F79E000A874F /* bk_2.jpg in Resources */ = {isa = PBXBuildFile; fileRef = CD5036372149F79E000A874F /* bk_2.jpg */; };
		CD50363D2149F79E000A874F /* bk_3.jpg in Resources */ = {isa = PBXBuildFile; fileRef = CD5036382149F79E000A874F /* bk_3.jpg */; };
		CD50363E2149F79E000A874F /* bk_5.jpg in Resources */ = {isa = PBXBuildFile; fileRef = CD5036392149F79E000A874F /* bk_5.jpg */; };
		CD50363F2149F79E000A874F /* bk_4.jpg in Resources */ = {isa = PBXBuildFile; fileRef = CD50363A2149F79E000A874F /* bk_4.jpg */; };
		CD59A3BD216B281500A0F6F1 /* PickImageTakePhotoVC.m in Sources */ = {isa = PBXBuildFile; fileRef = CD59A3BC216B281500A0F6F1 /* PickImageTakePhotoVC.m */; };
		CD62CD49216B90E8003561DC /* DownImagesVC.m in Sources */ = {isa = PBXBuildFile; fileRef = CD62CD48216B90E8003561DC /* DownImagesVC.m */; };
		CD62CD80216B915B003561DC /* NSButton+WebCache.m in Sources */ = {isa = PBXBuildFile; fileRef = CD62CD4C216B915B003561DC /* NSButton+WebCache.m */; };
		CD62CD81216B915B003561DC /* NSData+ImageContentType.m in Sources */ = {isa = PBXBuildFile; fileRef = CD62CD4E216B915B003561DC /* NSData+ImageContentType.m */; };
		CD62CD82216B915B003561DC /* NSImage+WebCache.m in Sources */ = {isa = PBXBuildFile; fileRef = CD62CD50216B915B003561DC /* NSImage+WebCache.m */; };
		CD62CD83216B915B003561DC /* SDAnimatedImageRep.m in Sources */ = {isa = PBXBuildFile; fileRef = CD62CD52216B915B003561DC /* SDAnimatedImageRep.m */; };
		CD62CD84216B915B003561DC /* SDImageCache.m in Sources */ = {isa = PBXBuildFile; fileRef = CD62CD54216B915B003561DC /* SDImageCache.m */; };
		CD62CD85216B915B003561DC /* SDImageCacheConfig.m in Sources */ = {isa = PBXBuildFile; fileRef = CD62CD56216B915B003561DC /* SDImageCacheConfig.m */; };
		CD62CD86216B915B003561DC /* SDWebImageCoder.m in Sources */ = {isa = PBXBuildFile; fileRef = CD62CD58216B915B003561DC /* SDWebImageCoder.m */; };
		CD62CD87216B915B003561DC /* SDWebImageCoderHelper.m in Sources */ = {isa = PBXBuildFile; fileRef = CD62CD5A216B915B003561DC /* SDWebImageCoderHelper.m */; };
		CD62CD88216B915B003561DC /* SDWebImageCodersManager.m in Sources */ = {isa = PBXBuildFile; fileRef = CD62CD5C216B915B003561DC /* SDWebImageCodersManager.m */; };
		CD62CD89216B915B003561DC /* SDWebImageCompat.m in Sources */ = {isa = PBXBuildFile; fileRef = CD62CD5E216B915B003561DC /* SDWebImageCompat.m */; };
		CD62CD8A216B915B003561DC /* SDWebImageDownloader.m in Sources */ = {isa = PBXBuildFile; fileRef = CD62CD60216B915B003561DC /* SDWebImageDownloader.m */; };
		CD62CD8B216B915B003561DC /* SDWebImageDownloaderOperation.m in Sources */ = {isa = PBXBuildFile; fileRef = CD62CD62216B915B003561DC /* SDWebImageDownloaderOperation.m */; };
		CD62CD8C216B915B003561DC /* SDWebImageFrame.m in Sources */ = {isa = PBXBuildFile; fileRef = CD62CD64216B915B003561DC /* SDWebImageFrame.m */; };
		CD62CD8D216B915B003561DC /* SDWebImageGIFCoder.m in Sources */ = {isa = PBXBuildFile; fileRef = CD62CD66216B915B003561DC /* SDWebImageGIFCoder.m */; };
		CD62CD8E216B915B003561DC /* SDWebImageImageIOCoder.m in Sources */ = {isa = PBXBuildFile; fileRef = CD62CD68216B915B003561DC /* SDWebImageImageIOCoder.m */; };
		CD62CD8F216B915B003561DC /* SDWebImageManager.m in Sources */ = {isa = PBXBuildFile; fileRef = CD62CD6A216B915B003561DC /* SDWebImageManager.m */; };
		CD62CD90216B915B003561DC /* SDWebImagePrefetcher.m in Sources */ = {isa = PBXBuildFile; fileRef = CD62CD6D216B915B003561DC /* SDWebImagePrefetcher.m */; };
		CD62CD91216B915B003561DC /* SDWebImageTransition.m in Sources */ = {isa = PBXBuildFile; fileRef = CD62CD6F216B915B003561DC /* SDWebImageTransition.m */; };
		CD62CD92216B915B003561DC /* UIButton+WebCache.m in Sources */ = {isa = PBXBuildFile; fileRef = CD62CD71216B915B003561DC /* UIButton+WebCache.m */; };
		CD62CD93216B915B003561DC /* UIImage+ForceDecode.m in Sources */ = {isa = PBXBuildFile; fileRef = CD62CD73216B915B003561DC /* UIImage+ForceDecode.m */; };
		CD62CD94216B915B003561DC /* UIImage+GIF.m in Sources */ = {isa = PBXBuildFile; fileRef = CD62CD75216B915B003561DC /* UIImage+GIF.m */; };
		CD62CD95216B915B003561DC /* UIImage+MultiFormat.m in Sources */ = {isa = PBXBuildFile; fileRef = CD62CD77216B915B003561DC /* UIImage+MultiFormat.m */; };
		CD62CD96216B915B003561DC /* UIImageView+HighlightedWebCache.m in Sources */ = {isa = PBXBuildFile; fileRef = CD62CD79216B915B003561DC /* UIImageView+HighlightedWebCache.m */; };
		CD62CD97216B915B003561DC /* UIImageView+WebCache.m in Sources */ = {isa = PBXBuildFile; fileRef = CD62CD7B216B915B003561DC /* UIImageView+WebCache.m */; };
		CD62CD98216B915B003561DC /* UIView+WebCache.m in Sources */ = {isa = PBXBuildFile; fileRef = CD62CD7D216B915B003561DC /* UIView+WebCache.m */; };
		CD62CD99216B915B003561DC /* UIView+WebCacheOperation.m in Sources */ = {isa = PBXBuildFile; fileRef = CD62CD7F216B915B003561DC /* UIView+WebCacheOperation.m */; };
		CD62CDA0216B9648003561DC /* FLAnimatedImage.m in Sources */ = {isa = PBXBuildFile; fileRef = CD62CD9C216B9648003561DC /* FLAnimatedImage.m */; };
		CD62CDA1216B9648003561DC /* FLAnimatedImageView.m in Sources */ = {isa = PBXBuildFile; fileRef = CD62CD9E216B9648003561DC /* FLAnimatedImageView.m */; };
		CDCBCD13216C334000738C37 /* NSLayoutConstraint+SSLayout.m in Sources */ = {isa = PBXBuildFile; fileRef = CDCBCD12216C334000738C37 /* NSLayoutConstraint+SSLayout.m */; };
		CDD0891E21606BD00031E4F3 /* AFHTTPSessionManager.m in Sources */ = {isa = PBXBuildFile; fileRef = CDD0891221606BD00031E4F3 /* AFHTTPSessionManager.m */; };
		CDD0891F21606BD00031E4F3 /* AFNetworkReachabilityManager.m in Sources */ = {isa = PBXBuildFile; fileRef = CDD0891521606BD00031E4F3 /* AFNetworkReachabilityManager.m */; };
		CDD0892021606BD00031E4F3 /* AFSecurityPolicy.m in Sources */ = {isa = PBXBuildFile; fileRef = CDD0891721606BD00031E4F3 /* AFSecurityPolicy.m */; };
		CDD0892121606BD00031E4F3 /* AFURLRequestSerialization.m in Sources */ = {isa = PBXBuildFile; fileRef = CDD0891921606BD00031E4F3 /* AFURLRequestSerialization.m */; };
		CDD0892221606BD00031E4F3 /* AFURLResponseSerialization.m in Sources */ = {isa = PBXBuildFile; fileRef = CDD0891B21606BD00031E4F3 /* AFURLResponseSerialization.m */; };
		CDD0892321606BD00031E4F3 /* AFURLSessionManager.m in Sources */ = {isa = PBXBuildFile; fileRef = CDD0891D21606BD00031E4F3 /* AFURLSessionManager.m */; };
		CDEAC9932148A50200094553 /* AppDelegate.m in Sources */ = {isa = PBXBuildFile; fileRef = CDEAC9922148A50200094553 /* AppDelegate.m */; };
		CDEAC9962148A50200094553 /* ViewController.m in Sources */ = {isa = PBXBuildFile; fileRef = CDEAC9952148A50200094553 /* ViewController.m */; };
		CDEAC9992148A50200094553 /* Main.storyboard in Resources */ = {isa = PBXBuildFile; fileRef = CDEAC9972148A50200094553 /* Main.storyboard */; };
		CDEAC99B2148A50300094553 /* Assets.xcassets in Resources */ = {isa = PBXBuildFile; fileRef = CDEAC99A2148A50300094553 /* Assets.xcassets */; };
		CDEAC99E2148A50300094553 /* LaunchScreen.storyboard in Resources */ = {isa = PBXBuildFile; fileRef = CDEAC99C2148A50300094553 /* LaunchScreen.storyboard */; };
		CDEAC9A12148A50300094553 /* main.m in Sources */ = {isa = PBXBuildFile; fileRef = CDEAC9A02148A50300094553 /* main.m */; };
		CDFFD6F7216E3EFA00D4C983 /* SCSessionDownload.m in Sources */ = {isa = PBXBuildFile; fileRef = CDFFD6F4216E3EFA00D4C983 /* SCSessionDownload.m */; };
		CDFFD6F8216E3EFA00D4C983 /* SCSessionDownloadManager.m in Sources */ = {isa = PBXBuildFile; fileRef = CDFFD6F6216E3EFA00D4C983 /* SCSessionDownloadManager.m */; };
		CDFFD6FB216E3F3000D4C983 /* FiledownVC.m in Sources */ = {isa = PBXBuildFile; fileRef = CDFFD6FA216E3F3000D4C983 /* FiledownVC.m */; };
		CDFFD6FE216E42B100D4C983 /* GifItem.m in Sources */ = {isa = PBXBuildFile; fileRef = CDFFD6FD216E42B100D4C983 /* GifItem.m */; };
/* End PBXBuildFile section */

/* Begin PBXFileReference section */
		CD4F38722160EA4D005A7E59 /* zhifu.png */ = {isa = PBXFileReference; lastKnownFileType = image.png; path = zhifu.png; sourceTree = "<group>"; };
		CD4F38742160ED94005A7E59 /* UploadHelper.h */ = {isa = PBXFileReference; lastKnownFileType = sourcecode.c.h; path = UploadHelper.h; sourceTree = "<group>"; };
		CD4F38752160ED94005A7E59 /* UploadHelper.m */ = {isa = PBXFileReference; lastKnownFileType = sourcecode.c.objc; path = UploadHelper.m; sourceTree = "<group>"; };
		CD50362C2149F686000A874F /* back4.jpg */ = {isa = PBXFileReference; lastKnownFileType = image.jpeg; path = back4.jpg; sourceTree = "<group>"; };
		CD50362D2149F686000A874F /* back2.jpg */ = {isa = PBXFileReference; lastKnownFileType = image.jpeg; path = back2.jpg; sourceTree = "<group>"; };
		CD50362E2149F686000A874F /* back3.jpg */ = {isa = PBXFileReference; lastKnownFileType = image.jpeg; path = back3.jpg; sourceTree = "<group>"; };
		CD50362F2149F686000A874F /* back1.jpg */ = {isa = PBXFileReference; lastKnownFileType = image.jpeg; path = back1.jpg; sourceTree = "<group>"; };
		CD5036302149F686000A874F /* back5.jpg */ = {isa = PBXFileReference; lastKnownFileType = image.jpeg; path = back5.jpg; sourceTree = "<group>"; };
		CD5036362149F79D000A874F /* bk_1.jpg */ = {isa = PBXFileReference; lastKnownFileType = image.jpeg; path = bk_1.jpg; sourceTree = "<group>"; };
		CD5036372149F79E000A874F /* bk_2.jpg */ = {isa = PBXFileReference; lastKnownFileType = image.jpeg; path = bk_2.jpg; sourceTree = "<group>"; };
		CD5036382149F79E000A874F /* bk_3.jpg */ = {isa = PBXFileReference; lastKnownFileType = image.jpeg; path = bk_3.jpg; sourceTree = "<group>"; };
		CD5036392149F79E000A874F /* bk_5.jpg */ = {isa = PBXFileReference; lastKnownFileType = image.jpeg; path = bk_5.jpg; sourceTree = "<group>"; };
		CD50363A2149F79E000A874F /* bk_4.jpg */ = {isa = PBXFileReference; lastKnownFileType = image.jpeg; path = bk_4.jpg; sourceTree = "<group>"; };
		CD59A3BB216B281500A0F6F1 /* PickImageTakePhotoVC.h */ = {isa = PBXFileReference; lastKnownFileType = sourcecode.c.h; path = PickImageTakePhotoVC.h; sourceTree = "<group>"; };
		CD59A3BC216B281500A0F6F1 /* PickImageTakePhotoVC.m */ = {isa = PBXFileReference; lastKnownFileType = sourcecode.c.objc; path = PickImageTakePhotoVC.m; sourceTree = "<group>"; };
		CD62CD47216B90E8003561DC /* DownImagesVC.h */ = {isa = PBXFileReference; lastKnownFileType = sourcecode.c.h; path = DownImagesVC.h; sourceTree = "<group>"; };
		CD62CD48216B90E8003561DC /* DownImagesVC.m */ = {isa = PBXFileReference; lastKnownFileType = sourcecode.c.objc; path = DownImagesVC.m; sourceTree = "<group>"; };
		CD62CD4B216B915B003561DC /* NSButton+WebCache.h */ = {isa = PBXFileReference; fileEncoding = 4; lastKnownFileType = sourcecode.c.h; path = "NSButton+WebCache.h"; sourceTree = "<group>"; };
		CD62CD4C216B915B003561DC /* NSButton+WebCache.m */ = {isa = PBXFileReference; fileEncoding = 4; lastKnownFileType = sourcecode.c.objc; path = "NSButton+WebCache.m"; sourceTree = "<group>"; };
		CD62CD4D216B915B003561DC /* NSData+ImageContentType.h */ = {isa = PBXFileReference; fileEncoding = 4; lastKnownFileType = sourcecode.c.h; path = "NSData+ImageContentType.h"; sourceTree = "<group>"; };
		CD62CD4E216B915B003561DC /* NSData+ImageContentType.m */ = {isa = PBXFileReference; fileEncoding = 4; lastKnownFileType = sourcecode.c.objc; path = "NSData+ImageContentType.m"; sourceTree = "<group>"; };
		CD62CD4F216B915B003561DC /* NSImage+WebCache.h */ = {isa = PBXFileReference; fileEncoding = 4; lastKnownFileType = sourcecode.c.h; path = "NSImage+WebCache.h"; sourceTree = "<group>"; };
		CD62CD50216B915B003561DC /* NSImage+WebCache.m */ = {isa = PBXFileReference; fileEncoding = 4; lastKnownFileType = sourcecode.c.objc; path = "NSImage+WebCache.m"; sourceTree = "<group>"; };
		CD62CD51216B915B003561DC /* SDAnimatedImageRep.h */ = {isa = PBXFileReference; fileEncoding = 4; lastKnownFileType = sourcecode.c.h; path = SDAnimatedImageRep.h; sourceTree = "<group>"; };
		CD62CD52216B915B003561DC /* SDAnimatedImageRep.m */ = {isa = PBXFileReference; fileEncoding = 4; lastKnownFileType = sourcecode.c.objc; path = SDAnimatedImageRep.m; sourceTree = "<group>"; };
		CD62CD53216B915B003561DC /* SDImageCache.h */ = {isa = PBXFileReference; fileEncoding = 4; lastKnownFileType = sourcecode.c.h; path = SDImageCache.h; sourceTree = "<group>"; };
		CD62CD54216B915B003561DC /* SDImageCache.m */ = {isa = PBXFileReference; fileEncoding = 4; lastKnownFileType = sourcecode.c.objc; path = SDImageCache.m; sourceTree = "<group>"; };
		CD62CD55216B915B003561DC /* SDImageCacheConfig.h */ = {isa = PBXFileReference; fileEncoding = 4; lastKnownFileType = sourcecode.c.h; path = SDImageCacheConfig.h; sourceTree = "<group>"; };
		CD62CD56216B915B003561DC /* SDImageCacheConfig.m */ = {isa = PBXFileReference; fileEncoding = 4; lastKnownFileType = sourcecode.c.objc; path = SDImageCacheConfig.m; sourceTree = "<group>"; };
		CD62CD57216B915B003561DC /* SDWebImageCoder.h */ = {isa = PBXFileReference; fileEncoding = 4; lastKnownFileType = sourcecode.c.h; path = SDWebImageCoder.h; sourceTree = "<group>"; };
		CD62CD58216B915B003561DC /* SDWebImageCoder.m */ = {isa = PBXFileReference; fileEncoding = 4; lastKnownFileType = sourcecode.c.objc; path = SDWebImageCoder.m; sourceTree = "<group>"; };
		CD62CD59216B915B003561DC /* SDWebImageCoderHelper.h */ = {isa = PBXFileReference; fileEncoding = 4; lastKnownFileType = sourcecode.c.h; path = SDWebImageCoderHelper.h; sourceTree = "<group>"; };
		CD62CD5A216B915B003561DC /* SDWebImageCoderHelper.m */ = {isa = PBXFileReference; fileEncoding = 4; lastKnownFileType = sourcecode.c.objc; path = SDWebImageCoderHelper.m; sourceTree = "<group>"; };
		CD62CD5B216B915B003561DC /* SDWebImageCodersManager.h */ = {isa = PBXFileReference; fileEncoding = 4; lastKnownFileType = sourcecode.c.h; path = SDWebImageCodersManager.h; sourceTree = "<group>"; };
		CD62CD5C216B915B003561DC /* SDWebImageCodersManager.m */ = {isa = PBXFileReference; fileEncoding = 4; lastKnownFileType = sourcecode.c.objc; path = SDWebImageCodersManager.m; sourceTree = "<group>"; };
		CD62CD5D216B915B003561DC /* SDWebImageCompat.h */ = {isa = PBXFileReference; fileEncoding = 4; lastKnownFileType = sourcecode.c.h; path = SDWebImageCompat.h; sourceTree = "<group>"; };
		CD62CD5E216B915B003561DC /* SDWebImageCompat.m */ = {isa = PBXFileReference; fileEncoding = 4; lastKnownFileType = sourcecode.c.objc; path = SDWebImageCompat.m; sourceTree = "<group>"; };
		CD62CD5F216B915B003561DC /* SDWebImageDownloader.h */ = {isa = PBXFileReference; fileEncoding = 4; lastKnownFileType = sourcecode.c.h; path = SDWebImageDownloader.h; sourceTree = "<group>"; };
		CD62CD60216B915B003561DC /* SDWebImageDownloader.m */ = {isa = PBXFileReference; fileEncoding = 4; lastKnownFileType = sourcecode.c.objc; path = SDWebImageDownloader.m; sourceTree = "<group>"; };
		CD62CD61216B915B003561DC /* SDWebImageDownloaderOperation.h */ = {isa = PBXFileReference; fileEncoding = 4; lastKnownFileType = sourcecode.c.h; path = SDWebImageDownloaderOperation.h; sourceTree = "<group>"; };
		CD62CD62216B915B003561DC /* SDWebImageDownloaderOperation.m */ = {isa = PBXFileReference; fileEncoding = 4; lastKnownFileType = sourcecode.c.objc; path = SDWebImageDownloaderOperation.m; sourceTree = "<group>"; };
		CD62CD63216B915B003561DC /* SDWebImageFrame.h */ = {isa = PBXFileReference; fileEncoding = 4; lastKnownFileType = sourcecode.c.h; path = SDWebImageFrame.h; sourceTree = "<group>"; };
		CD62CD64216B915B003561DC /* SDWebImageFrame.m */ = {isa = PBXFileReference; fileEncoding = 4; lastKnownFileType = sourcecode.c.objc; path = SDWebImageFrame.m; sourceTree = "<group>"; };
		CD62CD65216B915B003561DC /* SDWebImageGIFCoder.h */ = {isa = PBXFileReference; fileEncoding = 4; lastKnownFileType = sourcecode.c.h; path = SDWebImageGIFCoder.h; sourceTree = "<group>"; };
		CD62CD66216B915B003561DC /* SDWebImageGIFCoder.m */ = {isa = PBXFileReference; fileEncoding = 4; lastKnownFileType = sourcecode.c.objc; path = SDWebImageGIFCoder.m; sourceTree = "<group>"; };
		CD62CD67216B915B003561DC /* SDWebImageImageIOCoder.h */ = {isa = PBXFileReference; fileEncoding = 4; lastKnownFileType = sourcecode.c.h; path = SDWebImageImageIOCoder.h; sourceTree = "<group>"; };
		CD62CD68216B915B003561DC /* SDWebImageImageIOCoder.m */ = {isa = PBXFileReference; fileEncoding = 4; lastKnownFileType = sourcecode.c.objc; path = SDWebImageImageIOCoder.m; sourceTree = "<group>"; };
		CD62CD69216B915B003561DC /* SDWebImageManager.h */ = {isa = PBXFileReference; fileEncoding = 4; lastKnownFileType = sourcecode.c.h; path = SDWebImageManager.h; sourceTree = "<group>"; };
		CD62CD6A216B915B003561DC /* SDWebImageManager.m */ = {isa = PBXFileReference; fileEncoding = 4; lastKnownFileType = sourcecode.c.objc; path = SDWebImageManager.m; sourceTree = "<group>"; };
		CD62CD6B216B915B003561DC /* SDWebImageOperation.h */ = {isa = PBXFileReference; fileEncoding = 4; lastKnownFileType = sourcecode.c.h; path = SDWebImageOperation.h; sourceTree = "<group>"; };
		CD62CD6C216B915B003561DC /* SDWebImagePrefetcher.h */ = {isa = PBXFileReference; fileEncoding = 4; lastKnownFileType = sourcecode.c.h; path = SDWebImagePrefetcher.h; sourceTree = "<group>"; };
		CD62CD6D216B915B003561DC /* SDWebImagePrefetcher.m */ = {isa = PBXFileReference; fileEncoding = 4; lastKnownFileType = sourcecode.c.objc; path = SDWebImagePrefetcher.m; sourceTree = "<group>"; };
		CD62CD6E216B915B003561DC /* SDWebImageTransition.h */ = {isa = PBXFileReference; fileEncoding = 4; lastKnownFileType = sourcecode.c.h; path = SDWebImageTransition.h; sourceTree = "<group>"; };
		CD62CD6F216B915B003561DC /* SDWebImageTransition.m */ = {isa = PBXFileReference; fileEncoding = 4; lastKnownFileType = sourcecode.c.objc; path = SDWebImageTransition.m; sourceTree = "<group>"; };
		CD62CD70216B915B003561DC /* UIButton+WebCache.h */ = {isa = PBXFileReference; fileEncoding = 4; lastKnownFileType = sourcecode.c.h; path = "UIButton+WebCache.h"; sourceTree = "<group>"; };
		CD62CD71216B915B003561DC /* UIButton+WebCache.m */ = {isa = PBXFileReference; fileEncoding = 4; lastKnownFileType = sourcecode.c.objc; path = "UIButton+WebCache.m"; sourceTree = "<group>"; };
		CD62CD72216B915B003561DC /* UIImage+ForceDecode.h */ = {isa = PBXFileReference; fileEncoding = 4; lastKnownFileType = sourcecode.c.h; path = "UIImage+ForceDecode.h"; sourceTree = "<group>"; };
		CD62CD73216B915B003561DC /* UIImage+ForceDecode.m */ = {isa = PBXFileReference; fileEncoding = 4; lastKnownFileType = sourcecode.c.objc; path = "UIImage+ForceDecode.m"; sourceTree = "<group>"; };
		CD62CD74216B915B003561DC /* UIImage+GIF.h */ = {isa = PBXFileReference; fileEncoding = 4; lastKnownFileType = sourcecode.c.h; path = "UIImage+GIF.h"; sourceTree = "<group>"; };
		CD62CD75216B915B003561DC /* UIImage+GIF.m */ = {isa = PBXFileReference; fileEncoding = 4; lastKnownFileType = sourcecode.c.objc; path = "UIImage+GIF.m"; sourceTree = "<group>"; };
		CD62CD76216B915B003561DC /* UIImage+MultiFormat.h */ = {isa = PBXFileReference; fileEncoding = 4; lastKnownFileType = sourcecode.c.h; path = "UIImage+MultiFormat.h"; sourceTree = "<group>"; };
		CD62CD77216B915B003561DC /* UIImage+MultiFormat.m */ = {isa = PBXFileReference; fileEncoding = 4; lastKnownFileType = sourcecode.c.objc; path = "UIImage+MultiFormat.m"; sourceTree = "<group>"; };
		CD62CD78216B915B003561DC /* UIImageView+HighlightedWebCache.h */ = {isa = PBXFileReference; fileEncoding = 4; lastKnownFileType = sourcecode.c.h; path = "UIImageView+HighlightedWebCache.h"; sourceTree = "<group>"; };
		CD62CD79216B915B003561DC /* UIImageView+HighlightedWebCache.m */ = {isa = PBXFileReference; fileEncoding = 4; lastKnownFileType = sourcecode.c.objc; path = "UIImageView+HighlightedWebCache.m"; sourceTree = "<group>"; };
		CD62CD7A216B915B003561DC /* UIImageView+WebCache.h */ = {isa = PBXFileReference; fileEncoding = 4; lastKnownFileType = sourcecode.c.h; path = "UIImageView+WebCache.h"; sourceTree = "<group>"; };
		CD62CD7B216B915B003561DC /* UIImageView+WebCache.m */ = {isa = PBXFileReference; fileEncoding = 4; lastKnownFileType = sourcecode.c.objc; path = "UIImageView+WebCache.m"; sourceTree = "<group>"; };
		CD62CD7C216B915B003561DC /* UIView+WebCache.h */ = {isa = PBXFileReference; fileEncoding = 4; lastKnownFileType = sourcecode.c.h; path = "UIView+WebCache.h"; sourceTree = "<group>"; };
		CD62CD7D216B915B003561DC /* UIView+WebCache.m */ = {isa = PBXFileReference; fileEncoding = 4; lastKnownFileType = sourcecode.c.objc; path = "UIView+WebCache.m"; sourceTree = "<group>"; };
		CD62CD7E216B915B003561DC /* UIView+WebCacheOperation.h */ = {isa = PBXFileReference; fileEncoding = 4; lastKnownFileType = sourcecode.c.h; path = "UIView+WebCacheOperation.h"; sourceTree = "<group>"; };
		CD62CD7F216B915B003561DC /* UIView+WebCacheOperation.m */ = {isa = PBXFileReference; fileEncoding = 4; lastKnownFileType = sourcecode.c.objc; path = "UIView+WebCacheOperation.m"; sourceTree = "<group>"; };
		CD62CD9B216B9648003561DC /* FLAnimatedImage.h */ = {isa = PBXFileReference; fileEncoding = 4; lastKnownFileType = sourcecode.c.h; path = FLAnimatedImage.h; sourceTree = "<group>"; };
		CD62CD9C216B9648003561DC /* FLAnimatedImage.m */ = {isa = PBXFileReference; fileEncoding = 4; lastKnownFileType = sourcecode.c.objc; path = FLAnimatedImage.m; sourceTree = "<group>"; };
		CD62CD9D216B9648003561DC /* FLAnimatedImageView.h */ = {isa = PBXFileReference; fileEncoding = 4; lastKnownFileType = sourcecode.c.h; path = FLAnimatedImageView.h; sourceTree = "<group>"; };
		CD62CD9E216B9648003561DC /* FLAnimatedImageView.m */ = {isa = PBXFileReference; fileEncoding = 4; lastKnownFileType = sourcecode.c.objc; path = FLAnimatedImageView.m; sourceTree = "<group>"; };
		CDCBCD11216C334000738C37 /* NSLayoutConstraint+SSLayout.h */ = {isa = PBXFileReference; fileEncoding = 4; lastKnownFileType = sourcecode.c.h; path = "NSLayoutConstraint+SSLayout.h"; sourceTree = "<group>"; };
		CDCBCD12216C334000738C37 /* NSLayoutConstraint+SSLayout.m */ = {isa = PBXFileReference; fileEncoding = 4; lastKnownFileType = sourcecode.c.objc; path = "NSLayoutConstraint+SSLayout.m"; sourceTree = "<group>"; };
		CDD0891021606BD00031E4F3 /* AFCompatibilityMacros.h */ = {isa = PBXFileReference; fileEncoding = 4; lastKnownFileType = sourcecode.c.h; path = AFCompatibilityMacros.h; sourceTree = "<group>"; };
		CDD0891121606BD00031E4F3 /* AFHTTPSessionManager.h */ = {isa = PBXFileReference; fileEncoding = 4; lastKnownFileType = sourcecode.c.h; path = AFHTTPSessionManager.h; sourceTree = "<group>"; };
		CDD0891221606BD00031E4F3 /* AFHTTPSessionManager.m */ = {isa = PBXFileReference; fileEncoding = 4; lastKnownFileType = sourcecode.c.objc; path = AFHTTPSessionManager.m; sourceTree = "<group>"; };
		CDD0891321606BD00031E4F3 /* AFNetworking.h */ = {isa = PBXFileReference; fileEncoding = 4; lastKnownFileType = sourcecode.c.h; path = AFNetworking.h; sourceTree = "<group>"; };
		CDD0891421606BD00031E4F3 /* AFNetworkReachabilityManager.h */ = {isa = PBXFileReference; fileEncoding = 4; lastKnownFileType = sourcecode.c.h; path = AFNetworkReachabilityManager.h; sourceTree = "<group>"; };
		CDD0891521606BD00031E4F3 /* AFNetworkReachabilityManager.m */ = {isa = PBXFileReference; fileEncoding = 4; lastKnownFileType = sourcecode.c.objc; path = AFNetworkReachabilityManager.m; sourceTree = "<group>"; };
		CDD0891621606BD00031E4F3 /* AFSecurityPolicy.h */ = {isa = PBXFileReference; fileEncoding = 4; lastKnownFileType = sourcecode.c.h; path = AFSecurityPolicy.h; sourceTree = "<group>"; };
		CDD0891721606BD00031E4F3 /* AFSecurityPolicy.m */ = {isa = PBXFileReference; fileEncoding = 4; lastKnownFileType = sourcecode.c.objc; path = AFSecurityPolicy.m; sourceTree = "<group>"; };
		CDD0891821606BD00031E4F3 /* AFURLRequestSerialization.h */ = {isa = PBXFileReference; fileEncoding = 4; lastKnownFileType = sourcecode.c.h; path = AFURLRequestSerialization.h; sourceTree = "<group>"; };
		CDD0891921606BD00031E4F3 /* AFURLRequestSerialization.m */ = {isa = PBXFileReference; fileEncoding = 4; lastKnownFileType = sourcecode.c.objc; path = AFURLRequestSerialization.m; sourceTree = "<group>"; };
		CDD0891A21606BD00031E4F3 /* AFURLResponseSerialization.h */ = {isa = PBXFileReference; fileEncoding = 4; lastKnownFileType = sourcecode.c.h; path = AFURLResponseSerialization.h; sourceTree = "<group>"; };
		CDD0891B21606BD00031E4F3 /* AFURLResponseSerialization.m */ = {isa = PBXFileReference; fileEncoding = 4; lastKnownFileType = sourcecode.c.objc; path = AFURLResponseSerialization.m; sourceTree = "<group>"; };
		CDD0891C21606BD00031E4F3 /* AFURLSessionManager.h */ = {isa = PBXFileReference; fileEncoding = 4; lastKnownFileType = sourcecode.c.h; path = AFURLSessionManager.h; sourceTree = "<group>"; };
		CDD0891D21606BD00031E4F3 /* AFURLSessionManager.m */ = {isa = PBXFileReference; fileEncoding = 4; lastKnownFileType = sourcecode.c.objc; path = AFURLSessionManager.m; sourceTree = "<group>"; };
		CDEAC98E2148A50200094553 /* TestPost.app */ = {isa = PBXFileReference; explicitFileType = wrapper.application; includeInIndex = 0; path = TestPost.app; sourceTree = BUILT_PRODUCTS_DIR; };
		CDEAC9912148A50200094553 /* AppDelegate.h */ = {isa = PBXFileReference; lastKnownFileType = sourcecode.c.h; path = AppDelegate.h; sourceTree = "<group>"; };
		CDEAC9922148A50200094553 /* AppDelegate.m */ = {isa = PBXFileReference; lastKnownFileType = sourcecode.c.objc; path = AppDelegate.m; sourceTree = "<group>"; };
		CDEAC9942148A50200094553 /* ViewController.h */ = {isa = PBXFileReference; lastKnownFileType = sourcecode.c.h; path = ViewController.h; sourceTree = "<group>"; };
		CDEAC9952148A50200094553 /* ViewController.m */ = {isa = PBXFileReference; lastKnownFileType = sourcecode.c.objc; path = ViewController.m; sourceTree = "<group>"; };
		CDEAC9982148A50200094553 /* Base */ = {isa = PBXFileReference; lastKnownFileType = file.storyboard; name = Base; path = Base.lproj/Main.storyboard; sourceTree = "<group>"; };
		CDEAC99A2148A50300094553 /* Assets.xcassets */ = {isa = PBXFileReference; lastKnownFileType = folder.assetcatalog; path = Assets.xcassets; sourceTree = "<group>"; };
		CDEAC99D2148A50300094553 /* Base */ = {isa = PBXFileReference; lastKnownFileType = file.storyboard; name = Base; path = Base.lproj/LaunchScreen.storyboard; sourceTree = "<group>"; };
		CDEAC99F2148A50300094553 /* Info.plist */ = {isa = PBXFileReference; lastKnownFileType = text.plist.xml; path = Info.plist; sourceTree = "<group>"; };
		CDEAC9A02148A50300094553 /* main.m */ = {isa = PBXFileReference; lastKnownFileType = sourcecode.c.objc; path = main.m; sourceTree = "<group>"; };
		CDFFD6F3216E3EFA00D4C983 /* SCSessionDownload.h */ = {isa = PBXFileReference; fileEncoding = 4; lastKnownFileType = sourcecode.c.h; path = SCSessionDownload.h; sourceTree = "<group>"; };
		CDFFD6F4216E3EFA00D4C983 /* SCSessionDownload.m */ = {isa = PBXFileReference; fileEncoding = 4; lastKnownFileType = sourcecode.c.objc; path = SCSessionDownload.m; sourceTree = "<group>"; };
		CDFFD6F5216E3EFA00D4C983 /* SCSessionDownloadManager.h */ = {isa = PBXFileReference; fileEncoding = 4; lastKnownFileType = sourcecode.c.h; path = SCSessionDownloadManager.h; sourceTree = "<group>"; };
		CDFFD6F6216E3EFA00D4C983 /* SCSessionDownloadManager.m */ = {isa = PBXFileReference; fileEncoding = 4; lastKnownFileType = sourcecode.c.objc; path = SCSessionDownloadManager.m; sourceTree = "<group>"; };
		CDFFD6F9216E3F3000D4C983 /* FiledownVC.h */ = {isa = PBXFileReference; lastKnownFileType = sourcecode.c.h; path = FiledownVC.h; sourceTree = "<group>"; };
		CDFFD6FA216E3F3000D4C983 /* FiledownVC.m */ = {isa = PBXFileReference; lastKnownFileType = sourcecode.c.objc; path = FiledownVC.m; sourceTree = "<group>"; };
		CDFFD6FC216E42B100D4C983 /* GifItem.h */ = {isa = PBXFileReference; fileEncoding = 4; lastKnownFileType = sourcecode.c.h; path = GifItem.h; sourceTree = "<group>"; };
		CDFFD6FD216E42B100D4C983 /* GifItem.m */ = {isa = PBXFileReference; fileEncoding = 4; lastKnownFileType = sourcecode.c.objc; path = GifItem.m; sourceTree = "<group>"; };
/* End PBXFileReference section */

/* Begin PBXFrameworksBuildPhase section */
		CDEAC98B2148A50200094553 /* Frameworks */ = {
			isa = PBXFrameworksBuildPhase;
			buildActionMask = 2147483647;
			files = (
			);
			runOnlyForDeploymentPostprocessing = 0;
		};
/* End PBXFrameworksBuildPhase section */

/* Begin PBXGroup section */
		CD4F38682160AE61005A7E59 /* image */ = {
			isa = PBXGroup;
			children = (
				CD4F38722160EA4D005A7E59 /* zhifu.png */,
				CD50362F2149F686000A874F /* back1.jpg */,
				CD50362D2149F686000A874F /* back2.jpg */,
				CD50362E2149F686000A874F /* back3.jpg */,
				CD50362C2149F686000A874F /* back4.jpg */,
				CD5036302149F686000A874F /* back5.jpg */,
				CD5036362149F79D000A874F /* bk_1.jpg */,
				CD5036372149F79E000A874F /* bk_2.jpg */,
				CD5036382149F79E000A874F /* bk_3.jpg */,
				CD50363A2149F79E000A874F /* bk_4.jpg */,
				CD5036392149F79E000A874F /* bk_5.jpg */,
			);
			path = image;
			sourceTree = "<group>";
		};
		CD62CD4A216B915B003561DC /* SDWebImage */ = {
			isa = PBXGroup;
			children = (
				CD62CD4B216B915B003561DC /* NSButton+WebCache.h */,
				CD62CD4C216B915B003561DC /* NSButton+WebCache.m */,
				CD62CD4D216B915B003561DC /* NSData+ImageContentType.h */,
				CD62CD4E216B915B003561DC /* NSData+ImageContentType.m */,
				CD62CD4F216B915B003561DC /* NSImage+WebCache.h */,
				CD62CD50216B915B003561DC /* NSImage+WebCache.m */,
				CD62CD51216B915B003561DC /* SDAnimatedImageRep.h */,
				CD62CD52216B915B003561DC /* SDAnimatedImageRep.m */,
				CD62CD53216B915B003561DC /* SDImageCache.h */,
				CD62CD54216B915B003561DC /* SDImageCache.m */,
				CD62CD55216B915B003561DC /* SDImageCacheConfig.h */,
				CD62CD56216B915B003561DC /* SDImageCacheConfig.m */,
				CD62CD57216B915B003561DC /* SDWebImageCoder.h */,
				CD62CD58216B915B003561DC /* SDWebImageCoder.m */,
				CD62CD59216B915B003561DC /* SDWebImageCoderHelper.h */,
				CD62CD5A216B915B003561DC /* SDWebImageCoderHelper.m */,
				CD62CD5B216B915B003561DC /* SDWebImageCodersManager.h */,
				CD62CD5C216B915B003561DC /* SDWebImageCodersManager.m */,
				CD62CD5D216B915B003561DC /* SDWebImageCompat.h */,
				CD62CD5E216B915B003561DC /* SDWebImageCompat.m */,
				CD62CD5F216B915B003561DC /* SDWebImageDownloader.h */,
				CD62CD60216B915B003561DC /* SDWebImageDownloader.m */,
				CD62CD61216B915B003561DC /* SDWebImageDownloaderOperation.h */,
				CD62CD62216B915B003561DC /* SDWebImageDownloaderOperation.m */,
				CD62CD63216B915B003561DC /* SDWebImageFrame.h */,
				CD62CD64216B915B003561DC /* SDWebImageFrame.m */,
				CD62CD65216B915B003561DC /* SDWebImageGIFCoder.h */,
				CD62CD66216B915B003561DC /* SDWebImageGIFCoder.m */,
				CD62CD67216B915B003561DC /* SDWebImageImageIOCoder.h */,
				CD62CD68216B915B003561DC /* SDWebImageImageIOCoder.m */,
				CD62CD69216B915B003561DC /* SDWebImageManager.h */,
				CD62CD6A216B915B003561DC /* SDWebImageManager.m */,
				CD62CD6B216B915B003561DC /* SDWebImageOperation.h */,
				CD62CD6C216B915B003561DC /* SDWebImagePrefetcher.h */,
				CD62CD6D216B915B003561DC /* SDWebImagePrefetcher.m */,
				CD62CD6E216B915B003561DC /* SDWebImageTransition.h */,
				CD62CD6F216B915B003561DC /* SDWebImageTransition.m */,
				CD62CD70216B915B003561DC /* UIButton+WebCache.h */,
				CD62CD71216B915B003561DC /* UIButton+WebCache.m */,
				CD62CD72216B915B003561DC /* UIImage+ForceDecode.h */,
				CD62CD73216B915B003561DC /* UIImage+ForceDecode.m */,
				CD62CD74216B915B003561DC /* UIImage+GIF.h */,
				CD62CD75216B915B003561DC /* UIImage+GIF.m */,
				CD62CD76216B915B003561DC /* UIImage+MultiFormat.h */,
				CD62CD77216B915B003561DC /* UIImage+MultiFormat.m */,
				CD62CD78216B915B003561DC /* UIImageView+HighlightedWebCache.h */,
				CD62CD79216B915B003561DC /* UIImageView+HighlightedWebCache.m */,
				CD62CD7A216B915B003561DC /* UIImageView+WebCache.h */,
				CD62CD7B216B915B003561DC /* UIImageView+WebCache.m */,
				CD62CD7C216B915B003561DC /* UIView+WebCache.h */,
				CD62CD7D216B915B003561DC /* UIView+WebCache.m */,
				CD62CD7E216B915B003561DC /* UIView+WebCacheOperation.h */,
				CD62CD7F216B915B003561DC /* UIView+WebCacheOperation.m */,
			);
			path = SDWebImage;
			sourceTree = "<group>";
		};
		CD62CD9A216B9648003561DC /* FLAnimatedImage */ = {
			isa = PBXGroup;
			children = (
				CD62CD9B216B9648003561DC /* FLAnimatedImage.h */,
				CD62CD9C216B9648003561DC /* FLAnimatedImage.m */,
				CD62CD9D216B9648003561DC /* FLAnimatedImageView.h */,
				CD62CD9E216B9648003561DC /* FLAnimatedImageView.m */,
			);
			path = FLAnimatedImage;
			sourceTree = "<group>";
		};
		CDCBCD10216C334000738C37 /* Source */ = {
			isa = PBXGroup;
			children = (
				CDCBCD11216C334000738C37 /* NSLayoutConstraint+SSLayout.h */,
				CDCBCD12216C334000738C37 /* NSLayoutConstraint+SSLayout.m */,
			);
			path = Source;
			sourceTree = "<group>";
		};
		CDD0890F21606BD00031E4F3 /* AFNetworking */ = {
			isa = PBXGroup;
			children = (
				CDD0891021606BD00031E4F3 /* AFCompatibilityMacros.h */,
				CDD0891121606BD00031E4F3 /* AFHTTPSessionManager.h */,
				CDD0891221606BD00031E4F3 /* AFHTTPSessionManager.m */,
				CDD0891321606BD00031E4F3 /* AFNetworking.h */,
				CDD0891421606BD00031E4F3 /* AFNetworkReachabilityManager.h */,
				CDD0891521606BD00031E4F3 /* AFNetworkReachabilityManager.m */,
				CDD0891621606BD00031E4F3 /* AFSecurityPolicy.h */,
				CDD0891721606BD00031E4F3 /* AFSecurityPolicy.m */,
				CDD0891821606BD00031E4F3 /* AFURLRequestSerialization.h */,
				CDD0891921606BD00031E4F3 /* AFURLRequestSerialization.m */,
				CDD0891A21606BD00031E4F3 /* AFURLResponseSerialization.h */,
				CDD0891B21606BD00031E4F3 /* AFURLResponseSerialization.m */,
				CDD0891C21606BD00031E4F3 /* AFURLSessionManager.h */,
				CDD0891D21606BD00031E4F3 /* AFURLSessionManager.m */,
			);
			path = AFNetworking;
			sourceTree = "<group>";
		};
		CDEAC9852148A50100094553 = {
			isa = PBXGroup;
			children = (
				CDEAC9902148A50200094553 /* TestPost */,
				CDEAC98F2148A50200094553 /* Products */,
			);
			sourceTree = "<group>";
		};
		CDEAC98F2148A50200094553 /* Products */ = {
			isa = PBXGroup;
			children = (
				CDEAC98E2148A50200094553 /* TestPost.app */,
			);
			name = Products;
			sourceTree = "<group>";
		};
		CDEAC9902148A50200094553 /* TestPost */ = {
			isa = PBXGroup;
			children = (
				CDEAC9912148A50200094553 /* AppDelegate.h */,
				CDEAC9922148A50200094553 /* AppDelegate.m */,
				CDEAC9942148A50200094553 /* ViewController.h */,
				CDEAC9952148A50200094553 /* ViewController.m */,
				CD59A3BB216B281500A0F6F1 /* PickImageTakePhotoVC.h */,
				CD59A3BC216B281500A0F6F1 /* PickImageTakePhotoVC.m */,
				CD4F38742160ED94005A7E59 /* UploadHelper.h */,
				CD4F38752160ED94005A7E59 /* UploadHelper.m */,
				CD62CD47216B90E8003561DC /* DownImagesVC.h */,
				CD62CD48216B90E8003561DC /* DownImagesVC.m */,
				CDFFD6F9216E3F3000D4C983 /* FiledownVC.h */,
				CDFFD6FA216E3F3000D4C983 /* FiledownVC.m */,
				CDFFD6FC216E42B100D4C983 /* GifItem.h */,
				CDFFD6FD216E42B100D4C983 /* GifItem.m */,
				CDEAC9972148A50200094553 /* Main.storyboard */,
				CDEAC99A2148A50300094553 /* Assets.xcassets */,
				CDEAC99C2148A50300094553 /* LaunchScreen.storyboard */,
				CDFFD6F2216E3EFA00D4C983 /* FileDown */,
				CDCBCD10216C334000738C37 /* Source */,
				CD62CD9A216B9648003561DC /* FLAnimatedImage */,
				CD62CD4A216B915B003561DC /* SDWebImage */,
				CD4F38682160AE61005A7E59 /* image */,
				CDD0890F21606BD00031E4F3 /* AFNetworking */,
				CDEAC99F2148A50300094553 /* Info.plist */,
				CDEAC9A02148A50300094553 /* main.m */,
			);
			path = TestPost;
			sourceTree = "<group>";
		};
		CDFFD6F2216E3EFA00D4C983 /* FileDown */ = {
			isa = PBXGroup;
			children = (
				CDFFD6F3216E3EFA00D4C983 /* SCSessionDownload.h */,
				CDFFD6F4216E3EFA00D4C983 /* SCSessionDownload.m */,
				CDFFD6F5216E3EFA00D4C983 /* SCSessionDownloadManager.h */,
				CDFFD6F6216E3EFA00D4C983 /* SCSessionDownloadManager.m */,
			);
			path = FileDown;
			sourceTree = "<group>";
		};
/* End PBXGroup section */

/* Begin PBXNativeTarget section */
		CDEAC98D2148A50200094553 /* TestPost */ = {
			isa = PBXNativeTarget;
			buildConfigurationList = CDEAC9A42148A50300094553 /* Build configuration list for PBXNativeTarget "TestPost" */;
			buildPhases = (
				CDEAC98A2148A50200094553 /* Sources */,
				CDEAC98B2148A50200094553 /* Frameworks */,
				CDEAC98C2148A50200094553 /* Resources */,
			);
			buildRules = (
			);
			dependencies = (
			);
			name = TestPost;
			productName = TestPost;
			productReference = CDEAC98E2148A50200094553 /* TestPost.app */;
			productType = "com.apple.product-type.application";
		};
/* End PBXNativeTarget section */

/* Begin PBXProject section */
		CDEAC9862148A50100094553 /* Project object */ = {
			isa = PBXProject;
			attributes = {
				LastUpgradeCheck = 0940;
				ORGANIZATIONNAME = sx;
				TargetAttributes = {
					CDEAC98D2148A50200094553 = {
						CreatedOnToolsVersion = 9.4.1;
					};
				};
			};
			buildConfigurationList = CDEAC9892148A50200094553 /* Build configuration list for PBXProject "TestPost" */;
			compatibilityVersion = "Xcode 9.3";
			developmentRegion = en;
			hasScannedForEncodings = 0;
			knownRegions = (
				en,
				Base,
			);
			mainGroup = CDEAC9852148A50100094553;
			productRefGroup = CDEAC98F2148A50200094553 /* Products */;
			projectDirPath = "";
			projectRoot = "";
			targets = (
				CDEAC98D2148A50200094553 /* TestPost */,
			);
		};
/* End PBXProject section */

/* Begin PBXResourcesBuildPhase section */
		CDEAC98C2148A50200094553 /* Resources */ = {
			isa = PBXResourcesBuildPhase;
			buildActionMask = 2147483647;
			files = (
				CD5036332149F686000A874F /* back3.jpg in Resources */,
				CD50363C2149F79E000A874F /* bk_2.jpg in Resources */,
				CD4F38732160EA4D005A7E59 /* zhifu.png in Resources */,
				CDEAC99E2148A50300094553 /* LaunchScreen.storyboard in Resources */,
				CD5036312149F686000A874F /* back4.jpg in Resources */,
				CD50363E2149F79E000A874F /* bk_5.jpg in Resources */,
				CD50363F2149F79E000A874F /* bk_4.jpg in Resources */,
				CDEAC99B2148A50300094553 /* Assets.xcassets in Resources */,
				CD50363B2149F79E000A874F /* bk_1.jpg in Resources */,
				CD5036342149F686000A874F /* back1.jpg in Resources */,
				CD50363D2149F79E000A874F /* bk_3.jpg in Resources */,
				CDEAC9992148A50200094553 /* Main.storyboard in Resources */,
				CD5036352149F686000A874F /* back5.jpg in Resources */,
				CD5036322149F686000A874F /* back2.jpg in Resources */,
			);
			runOnlyForDeploymentPostprocessing = 0;
		};
/* End PBXResourcesBuildPhase section */

/* Begin PBXSourcesBuildPhase section */
		CDEAC98A2148A50200094553 /* Sources */ = {
			isa = PBXSourcesBuildPhase;
			buildActionMask = 2147483647;
			files = (
				CD62CD94216B915B003561DC /* UIImage+GIF.m in Sources */,
				CD62CD8A216B915B003561DC /* SDWebImageDownloader.m in Sources */,
				CD62CD8F216B915B003561DC /* SDWebImageManager.m in Sources */,
				CDD0892321606BD00031E4F3 /* AFURLSessionManager.m in Sources */,
				CD62CD90216B915B003561DC /* SDWebImagePrefetcher.m in Sources */,
				CD62CD85216B915B003561DC /* SDImageCacheConfig.m in Sources */,
				CD62CD80216B915B003561DC /* NSButton+WebCache.m in Sources */,
				CDEAC9962148A50200094553 /* ViewController.m in Sources */,
				CDFFD6FB216E3F3000D4C983 /* FiledownVC.m in Sources */,
				CD62CD95216B915B003561DC /* UIImage+MultiFormat.m in Sources */,
				CD62CD83216B915B003561DC /* SDAnimatedImageRep.m in Sources */,
				CD62CD8D216B915B003561DC /* SDWebImageGIFCoder.m in Sources */,
				CD4F38762160ED94005A7E59 /* UploadHelper.m in Sources */,
				CD62CD81216B915B003561DC /* NSData+ImageContentType.m in Sources */,
				CD62CD87216B915B003561DC /* SDWebImageCoderHelper.m in Sources */,
				CD62CD97216B915B003561DC /* UIImageView+WebCache.m in Sources */,
				CD62CD92216B915B003561DC /* UIButton+WebCache.m in Sources */,
				CDEAC9A12148A50300094553 /* main.m in Sources */,
				CD62CD98216B915B003561DC /* UIView+WebCache.m in Sources */,
				CD62CD86216B915B003561DC /* SDWebImageCoder.m in Sources */,
				CD62CD93216B915B003561DC /* UIImage+ForceDecode.m in Sources */,
				CD62CD49216B90E8003561DC /* DownImagesVC.m in Sources */,
				CD62CD89216B915B003561DC /* SDWebImageCompat.m in Sources */,
				CD62CD8C216B915B003561DC /* SDWebImageFrame.m in Sources */,
				CDCBCD13216C334000738C37 /* NSLayoutConstraint+SSLayout.m in Sources */,
				CDD0891F21606BD00031E4F3 /* AFNetworkReachabilityManager.m in Sources */,
				CDFFD6FE216E42B100D4C983 /* GifItem.m in Sources */,
				CD62CD99216B915B003561DC /* UIView+WebCacheOperation.m in Sources */,
				CDEAC9932148A50200094553 /* AppDelegate.m in Sources */,
				CDD0892021606BD00031E4F3 /* AFSecurityPolicy.m in Sources */,
				CDFFD6F7216E3EFA00D4C983 /* SCSessionDownload.m in Sources */,
				CD62CDA1216B9648003561DC /* FLAnimatedImageView.m in Sources */,
				CDD0892121606BD00031E4F3 /* AFURLRequestSerialization.m in Sources */,
				CD62CD84216B915B003561DC /* SDImageCache.m in Sources */,
				CD62CD91216B915B003561DC /* SDWebImageTransition.m in Sources */,
				CD62CD8E216B915B003561DC /* SDWebImageImageIOCoder.m in Sources */,
				CD62CD8B216B915B003561DC /* SDWebImageDownloaderOperation.m in Sources */,
				CD59A3BD216B281500A0F6F1 /* PickImageTakePhotoVC.m in Sources */,
				CDD0892221606BD00031E4F3 /* AFURLResponseSerialization.m in Sources */,
				CD62CD88216B915B003561DC /* SDWebImageCodersManager.m in Sources */,
				CD62CDA0216B9648003561DC /* FLAnimatedImage.m in Sources */,
				CDD0891E21606BD00031E4F3 /* AFHTTPSessionManager.m in Sources */,
				CDFFD6F8216E3EFA00D4C983 /* SCSessionDownloadManager.m in Sources */,
				CD62CD96216B915B003561DC /* UIImageView+HighlightedWebCache.m in Sources */,
				CD62CD82216B915B003561DC /* NSImage+WebCache.m in Sources */,
			);
			runOnlyForDeploymentPostprocessing = 0;
		};
/* End PBXSourcesBuildPhase section */

/* Begin PBXVariantGroup section */
		CDEAC9972148A50200094553 /* Main.storyboard */ = {
			isa = PBXVariantGroup;
			children = (
				CDEAC9982148A50200094553 /* Base */,
			);
			name = Main.storyboard;
			sourceTree = "<group>";
		};
		CDEAC99C2148A50300094553 /* LaunchScreen.storyboard */ = {
			isa = PBXVariantGroup;
			children = (
				CDEAC99D2148A50300094553 /* Base */,
			);
			name = LaunchScreen.storyboard;
			sourceTree = "<group>";
		};
/* End PBXVariantGroup section */

/* Begin XCBuildConfiguration section */
		CDEAC9A22148A50300094553 /* Debug */ = {
			isa = XCBuildConfiguration;
			buildSettings = {
				ALWAYS_SEARCH_USER_PATHS = NO;
				CLANG_ANALYZER_NONNULL = YES;
				CLANG_ANALYZER_NUMBER_OBJECT_CONVERSION = YES_AGGRESSIVE;
				CLANG_CXX_LANGUAGE_STANDARD = "gnu++14";
				CLANG_CXX_LIBRARY = "libc++";
				CLANG_ENABLE_MODULES = YES;
				CLANG_ENABLE_OBJC_ARC = YES;
				CLANG_ENABLE_OBJC_WEAK = YES;
				CLANG_WARN_BLOCK_CAPTURE_AUTORELEASING = YES;
				CLANG_WARN_BOOL_CONVERSION = YES;
				CLANG_WARN_COMMA = YES;
				CLANG_WARN_CONSTANT_CONVERSION = YES;
				CLANG_WARN_DEPRECATED_OBJC_IMPLEMENTATIONS = YES;
				CLANG_WARN_DIRECT_OBJC_ISA_USAGE = YES_ERROR;
				CLANG_WARN_DOCUMENTATION_COMMENTS = YES;
				CLANG_WARN_EMPTY_BODY = YES;
				CLANG_WARN_ENUM_CONVERSION = YES;
				CLANG_WARN_INFINITE_RECURSION = YES;
				CLANG_WARN_INT_CONVERSION = YES;
				CLANG_WARN_NON_LITERAL_NULL_CONVERSION = YES;
				CLANG_WARN_OBJC_IMPLICIT_RETAIN_SELF = YES;
				CLANG_WARN_OBJC_LITERAL_CONVERSION = YES;
				CLANG_WARN_OBJC_ROOT_CLASS = YES_ERROR;
				CLANG_WARN_RANGE_LOOP_ANALYSIS = YES;
				CLANG_WARN_STRICT_PROTOTYPES = YES;
				CLANG_WARN_SUSPICIOUS_MOVE = YES;
				CLANG_WARN_UNGUARDED_AVAILABILITY = YES_AGGRESSIVE;
				CLANG_WARN_UNREACHABLE_CODE = YES;
				CLANG_WARN__DUPLICATE_METHOD_MATCH = YES;
				CODE_SIGN_IDENTITY = "iPhone Developer";
				COPY_PHASE_STRIP = NO;
				DEBUG_INFORMATION_FORMAT = dwarf;
				ENABLE_STRICT_OBJC_MSGSEND = YES;
				ENABLE_TESTABILITY = YES;
				GCC_C_LANGUAGE_STANDARD = gnu11;
				GCC_DYNAMIC_NO_PIC = NO;
				GCC_NO_COMMON_BLOCKS = YES;
				GCC_OPTIMIZATION_LEVEL = 0;
				GCC_PREPROCESSOR_DEFINITIONS = (
					"DEBUG=1",
					"$(inherited)",
				);
				GCC_WARN_64_TO_32_BIT_CONVERSION = YES;
				GCC_WARN_ABOUT_RETURN_TYPE = YES_ERROR;
				GCC_WARN_UNDECLARED_SELECTOR = YES;
				GCC_WARN_UNINITIALIZED_AUTOS = YES_AGGRESSIVE;
				GCC_WARN_UNUSED_FUNCTION = YES;
				GCC_WARN_UNUSED_VARIABLE = YES;
				IPHONEOS_DEPLOYMENT_TARGET = 11.4;
				MTL_ENABLE_DEBUG_INFO = YES;
				ONLY_ACTIVE_ARCH = YES;
				SDKROOT = iphoneos;
			};
			name = Debug;
		};
		CDEAC9A32148A50300094553 /* Release */ = {
			isa = XCBuildConfiguration;
			buildSettings = {
				ALWAYS_SEARCH_USER_PATHS = NO;
				CLANG_ANALYZER_NONNULL = YES;
				CLANG_ANALYZER_NUMBER_OBJECT_CONVERSION = YES_AGGRESSIVE;
				CLANG_CXX_LANGUAGE_STANDARD = "gnu++14";
				CLANG_CXX_LIBRARY = "libc++";
				CLANG_ENABLE_MODULES = YES;
				CLANG_ENABLE_OBJC_ARC = YES;
				CLANG_ENABLE_OBJC_WEAK = YES;
				CLANG_WARN_BLOCK_CAPTURE_AUTORELEASING = YES;
				CLANG_WARN_BOOL_CONVERSION = YES;
				CLANG_WARN_COMMA = YES;
				CLANG_WARN_CONSTANT_CONVERSION = YES;
				CLANG_WARN_DEPRECATED_OBJC_IMPLEMENTATIONS = YES;
				CLANG_WARN_DIRECT_OBJC_ISA_USAGE = YES_ERROR;
				CLANG_WARN_DOCUMENTATION_COMMENTS = YES;
				CLANG_WARN_EMPTY_BODY = YES;
				CLANG_WARN_ENUM_CONVERSION = YES;
				CLANG_WARN_INFINITE_RECURSION = YES;
				CLANG_WARN_INT_CONVERSION = YES;
				CLANG_WARN_NON_LITERAL_NULL_CONVERSION = YES;
				CLANG_WARN_OBJC_IMPLICIT_RETAIN_SELF = YES;
				CLANG_WARN_OBJC_LITERAL_CONVERSION = YES;
				CLANG_WARN_OBJC_ROOT_CLASS = YES_ERROR;
				CLANG_WARN_RANGE_LOOP_ANALYSIS = YES;
				CLANG_WARN_STRICT_PROTOTYPES = YES;
				CLANG_WARN_SUSPICIOUS_MOVE = YES;
				CLANG_WARN_UNGUARDED_AVAILABILITY = YES_AGGRESSIVE;
				CLANG_WARN_UNREACHABLE_CODE = YES;
				CLANG_WARN__DUPLICATE_METHOD_MATCH = YES;
				CODE_SIGN_IDENTITY = "iPhone Developer";
				COPY_PHASE_STRIP = NO;
				DEBUG_INFORMATION_FORMAT = "dwarf-with-dsym";
				ENABLE_NS_ASSERTIONS = NO;
				ENABLE_STRICT_OBJC_MSGSEND = YES;
				GCC_C_LANGUAGE_STANDARD = gnu11;
				GCC_NO_COMMON_BLOCKS = YES;
				GCC_WARN_64_TO_32_BIT_CONVERSION = YES;
				GCC_WARN_ABOUT_RETURN_TYPE = YES_ERROR;
				GCC_WARN_UNDECLARED_SELECTOR = YES;
				GCC_WARN_UNINITIALIZED_AUTOS = YES_AGGRESSIVE;
				GCC_WARN_UNUSED_FUNCTION = YES;
				GCC_WARN_UNUSED_VARIABLE = YES;
				IPHONEOS_DEPLOYMENT_TARGET = 11.4;
				MTL_ENABLE_DEBUG_INFO = NO;
				SDKROOT = iphoneos;
				VALIDATE_PRODUCT = YES;
			};
			name = Release;
		};
		CDEAC9A52148A50300094553 /* Debug */ = {
			isa = XCBuildConfiguration;
			buildSettings = {
				ASSETCATALOG_COMPILER_APPICON_NAME = AppIcon;
				CODE_SIGN_STYLE = Automatic;
				DEVELOPMENT_TEAM = 3427LTREJM;
				INFOPLIST_FILE = TestPost/Info.plist;
				LD_RUNPATH_SEARCH_PATHS = (
					"$(inherited)",
					"@executable_path/Frameworks",
				);
				PRODUCT_BUNDLE_IDENTIFIER = shangxian.sx.TestPost;
				PRODUCT_NAME = "$(TARGET_NAME)";
				TARGETED_DEVICE_FAMILY = "1,2";
			};
			name = Debug;
		};
		CDEAC9A62148A50300094553 /* Release */ = {
			isa = XCBuildConfiguration;
			buildSettings = {
				ASSETCATALOG_COMPILER_APPICON_NAME = AppIcon;
				CODE_SIGN_STYLE = Automatic;
				DEVELOPMENT_TEAM = 3427LTREJM;
				INFOPLIST_FILE = TestPost/Info.plist;
				LD_RUNPATH_SEARCH_PATHS = (
					"$(inherited)",
					"@executable_path/Frameworks",
				);
				PRODUCT_BUNDLE_IDENTIFIER = shangxian.sx.TestPost;
				PRODUCT_NAME = "$(TARGET_NAME)";
				TARGETED_DEVICE_FAMILY = "1,2";
			};
			name = Release;
		};
/* End XCBuildConfiguration section */

/* Begin XCConfigurationList section */
		CDEAC9892148A50200094553 /* Build configuration list for PBXProject "TestPost" */ = {
			isa = XCConfigurationList;
			buildConfigurations = (
				CDEAC9A22148A50300094553 /* Debug */,
				CDEAC9A32148A50300094553 /* Release */,
			);
			defaultConfigurationIsVisible = 0;
			defaultConfigurationName = Release;
		};
		CDEAC9A42148A50300094553 /* Build configuration list for PBXNativeTarget "TestPost" */ = {
			isa = XCConfigurationList;
			buildConfigurations = (
				CDEAC9A52148A50300094553 /* Debug */,
				CDEAC9A62148A50300094553 /* Release */,
			);
			defaultConfigurationIsVisible = 0;
			defaultConfigurationName = Release;
		};
/* End XCConfigurationList section */
	};
	rootObject = CDEAC9862148A50100094553 /* Project object */;
}
